
Microsoft Visual Studio Solution File, Format Version 12.00
# Visual Studio Version 17
VisualStudioVersion = 17.4.33103.184
MinimumVisualStudioVersion = 10.0.40219.1
Project("{FAE04EC0-301F-11D3-BF4B-00C04F79EFBC}") = "capitulo 3 ejercicio 3", "capitulo 3 ejercicio 3\capitulo 3 ejercicio 3.csproj", "{0783B61D-1CA4-4241-BE31-B2DB77A97B1B}"
EndProject
Global
	GlobalSection(SolutionConfigurationPlatforms) = preSolution
		Debug|Any CPU = Debug|Any CPU
		Release|Any CPU = Release|Any CPU
	EndGlobalSection
	GlobalSection(ProjectConfigurationPlatforms) = postSolution
		{0783B61D-1CA4-4241-BE31-B2DB77A97B1B}.Debug|Any CPU.ActiveCfg = Debug|Any CPU
		{0783B61D-1CA4-4241-BE31-B2DB77A97B1B}.Debug|Any CPU.Build.0 = Debug|Any CPU
		{0783B61D-1CA4-4241-BE31-B2DB77A97B1B}.Release|Any CPU.ActiveCfg = Release|Any CPU
		{0783B61D-1CA4-4241-BE31-B2DB77A97B1B}.Release|Any CPU.Build.0 = Release|Any CPU
	EndGlobalSection
	GlobalSection(SolutionProperties) = preSolution
		HideSolutionNode = FALSE
	EndGlobalSection
	GlobalSection(ExtensibilityGlobals) = postSolution
		SolutionGuid = {33B0A8E3-16E4-4403-9560-378E945B77BF}
	EndGlobalSection
EndGlobal
